// !$*UTF8*$!
{
	archiveVersion = 1;
	classes = {
	};
	objectVersion = 56;
	objects = {

/* Begin PBXBuildFile section */
		111651732A95284C0024F514 /* CustomTableViewCell.swift in Sources */ = {isa = PBXBuildFile; fileRef = 111651722A95284C0024F514 /* CustomTableViewCell.swift */; };
		111E4D442A95C5B000892EEB /* PlaceModal.swift in Sources */ = {isa = PBXBuildFile; fileRef = 111E4D432A95C5AF00892EEB /* PlaceModal.swift */; };
		11369A242A9A6F6F005230E2 /* StorageManager.swift in Sources */ = {isa = PBXBuildFile; fileRef = 11369A232A9A6F6F005230E2 /* StorageManager.swift */; };
		116AD1E32A96104100472334 /* NewPlaceViewController.swift in Sources */ = {isa = PBXBuildFile; fileRef = 116AD1E22A96104000472334 /* NewPlaceViewController.swift */; };
		119A808F2A93CA64000D9126 /* AppDelegate.swift in Sources */ = {isa = PBXBuildFile; fileRef = 119A808E2A93CA64000D9126 /* AppDelegate.swift */; };
		119A80912A93CA64000D9126 /* SceneDelegate.swift in Sources */ = {isa = PBXBuildFile; fileRef = 119A80902A93CA64000D9126 /* SceneDelegate.swift */; };
		119A80962A93CA64000D9126 /* Main.storyboard in Resources */ = {isa = PBXBuildFile; fileRef = 119A80942A93CA64000D9126 /* Main.storyboard */; };
		119A80982A93CA68000D9126 /* Assets.xcassets in Resources */ = {isa = PBXBuildFile; fileRef = 119A80972A93CA68000D9126 /* Assets.xcassets */; };
		119A809B2A93CA68000D9126 /* LaunchScreen.storyboard in Resources */ = {isa = PBXBuildFile; fileRef = 119A80992A93CA68000D9126 /* LaunchScreen.storyboard */; };
		119A80A32A93CC27000D9126 /* MainViewController.swift in Sources */ = {isa = PBXBuildFile; fileRef = 119A80A22A93CC27000D9126 /* MainViewController.swift */; };
		11B46C182AA30500007FF4DC /* RatingControl.swift in Sources */ = {isa = PBXBuildFile; fileRef = 11B46C172AA30500007FF4DC /* RatingControl.swift */; };
		172AADBBE8FD999E4BB90A2D /* Pods_My_favorite_places.framework in Frameworks */ = {isa = PBXBuildFile; fileRef = FDBA2E948F002F51927B84E6 /* Pods_My_favorite_places.framework */; };
/* End PBXBuildFile section */

/* Begin PBXFileReference section */
		111651722A95284C0024F514 /* CustomTableViewCell.swift */ = {isa = PBXFileReference; lastKnownFileType = sourcecode.swift; path = CustomTableViewCell.swift; sourceTree = "<group>"; };
		111E4D432A95C5AF00892EEB /* PlaceModal.swift */ = {isa = PBXFileReference; lastKnownFileType = sourcecode.swift; path = PlaceModal.swift; sourceTree = "<group>"; };
		11369A232A9A6F6F005230E2 /* StorageManager.swift */ = {isa = PBXFileReference; lastKnownFileType = sourcecode.swift; path = StorageManager.swift; sourceTree = "<group>"; };
		116AD1E22A96104000472334 /* NewPlaceViewController.swift */ = {isa = PBXFileReference; lastKnownFileType = sourcecode.swift; path = NewPlaceViewController.swift; sourceTree = "<group>"; };
		119A808B2A93CA64000D9126 /* My favorite places.app */ = {isa = PBXFileReference; explicitFileType = wrapper.application; includeInIndex = 0; path = "My favorite places.app"; sourceTree = BUILT_PRODUCTS_DIR; };
		119A808E2A93CA64000D9126 /* AppDelegate.swift */ = {isa = PBXFileReference; lastKnownFileType = sourcecode.swift; path = AppDelegate.swift; sourceTree = "<group>"; };
		119A80902A93CA64000D9126 /* SceneDelegate.swift */ = {isa = PBXFileReference; lastKnownFileType = sourcecode.swift; path = SceneDelegate.swift; sourceTree = "<group>"; };
		119A80952A93CA64000D9126 /* Base */ = {isa = PBXFileReference; lastKnownFileType = file.storyboard; name = Base; path = Base.lproj/Main.storyboard; sourceTree = "<group>"; };
		119A80972A93CA68000D9126 /* Assets.xcassets */ = {isa = PBXFileReference; lastKnownFileType = folder.assetcatalog; path = Assets.xcassets; sourceTree = "<group>"; };
		119A809A2A93CA68000D9126 /* Base */ = {isa = PBXFileReference; lastKnownFileType = file.storyboard; name = Base; path = Base.lproj/LaunchScreen.storyboard; sourceTree = "<group>"; };
		119A809C2A93CA68000D9126 /* Info.plist */ = {isa = PBXFileReference; lastKnownFileType = text.plist.xml; path = Info.plist; sourceTree = "<group>"; };
		119A80A22A93CC27000D9126 /* MainViewController.swift */ = {isa = PBXFileReference; lastKnownFileType = sourcecode.swift; path = MainViewController.swift; sourceTree = "<group>"; };
		11B46C172AA30500007FF4DC /* RatingControl.swift */ = {isa = PBXFileReference; lastKnownFileType = sourcecode.swift; path = RatingControl.swift; sourceTree = "<group>"; };
		AD523DE67BA5D5C6CE36C355 /* Pods-My favorite places.release.xcconfig */ = {isa = PBXFileReference; includeInIndex = 1; lastKnownFileType = text.xcconfig; name = "Pods-My favorite places.release.xcconfig"; path = "Target Support Files/Pods-My favorite places/Pods-My favorite places.release.xcconfig"; sourceTree = "<group>"; };
		FCADB1CEE7421C744D1F8509 /* Pods-My favorite places.debug.xcconfig */ = {isa = PBXFileReference; includeInIndex = 1; lastKnownFileType = text.xcconfig; name = "Pods-My favorite places.debug.xcconfig"; path = "Target Support Files/Pods-My favorite places/Pods-My favorite places.debug.xcconfig"; sourceTree = "<group>"; };
		FDBA2E948F002F51927B84E6 /* Pods_My_favorite_places.framework */ = {isa = PBXFileReference; explicitFileType = wrapper.framework; includeInIndex = 0; path = Pods_My_favorite_places.framework; sourceTree = BUILT_PRODUCTS_DIR; };
/* End PBXFileReference section */

/* Begin PBXFrameworksBuildPhase section */
		119A80882A93CA64000D9126 /* Frameworks */ = {
			isa = PBXFrameworksBuildPhase;
			buildActionMask = 2147483647;
			files = (
				172AADBBE8FD999E4BB90A2D /* Pods_My_favorite_places.framework in Frameworks */,
			);
			runOnlyForDeploymentPostprocessing = 0;
		};
/* End PBXFrameworksBuildPhase section */

/* Begin PBXGroup section */
		119A80822A93CA64000D9126 = {
			isa = PBXGroup;
			children = (
				119A808D2A93CA64000D9126 /* My favorite places */,
				119A808C2A93CA64000D9126 /* Products */,
				24B334F5E9AED954E1F5D334 /* Pods */,
				45A1F1DD6C080B66AD192623 /* Frameworks */,
			);
			sourceTree = "<group>";
		};
		119A808C2A93CA64000D9126 /* Products */ = {
			isa = PBXGroup;
			children = (
				119A808B2A93CA64000D9126 /* My favorite places.app */,
			);
			name = Products;
			sourceTree = "<group>";
		};
		119A808D2A93CA64000D9126 /* My favorite places */ = {
			isa = PBXGroup;
			children = (
				119A808E2A93CA64000D9126 /* AppDelegate.swift */,
				119A80972A93CA68000D9126 /* Assets.xcassets */,
				111651722A95284C0024F514 /* CustomTableViewCell.swift */,
				119A809C2A93CA68000D9126 /* Info.plist */,
				119A80992A93CA68000D9126 /* LaunchScreen.storyboard */,
				119A80942A93CA64000D9126 /* Main.storyboard */,
				119A80A22A93CC27000D9126 /* MainViewController.swift */,
				116AD1E22A96104000472334 /* NewPlaceViewController.swift */,
				111E4D432A95C5AF00892EEB /* PlaceModal.swift */,
				11B46C172AA30500007FF4DC /* RatingControl.swift */,
				119A80902A93CA64000D9126 /* SceneDelegate.swift */,
				11369A232A9A6F6F005230E2 /* StorageManager.swift */,
			);
			path = "My favorite places";
			sourceTree = "<group>";
		};
		24B334F5E9AED954E1F5D334 /* Pods */ = {
			isa = PBXGroup;
			children = (
				FCADB1CEE7421C744D1F8509 /* Pods-My favorite places.debug.xcconfig */,
				AD523DE67BA5D5C6CE36C355 /* Pods-My favorite places.release.xcconfig */,
			);
			path = Pods;
			sourceTree = "<group>";
		};
		45A1F1DD6C080B66AD192623 /* Frameworks */ = {
			isa = PBXGroup;
			children = (
				FDBA2E948F002F51927B84E6 /* Pods_My_favorite_places.framework */,
			);
			name = Frameworks;
			sourceTree = "<group>";
		};
/* End PBXGroup section */

/* Begin PBXNativeTarget section */
		119A808A2A93CA64000D9126 /* My favorite places */ = {
			isa = PBXNativeTarget;
			buildConfigurationList = 119A809F2A93CA68000D9126 /* Build configuration list for PBXNativeTarget "My favorite places" */;
			buildPhases = (
				A42546B540FC101888537D5D /* [CP] Check Pods Manifest.lock */,
				119A80872A93CA64000D9126 /* Sources */,
				119A80882A93CA64000D9126 /* Frameworks */,
				119A80892A93CA64000D9126 /* Resources */,
				2096AB8E1E841F016E0AA144 /* [CP] Embed Pods Frameworks */,
			);
			buildRules = (
			);
			dependencies = (
			);
			name = "My favorite places";
			productName = "My favorite places";
			productReference = 119A808B2A93CA64000D9126 /* My favorite places.app */;
			productType = "com.apple.product-type.application";
		};
/* End PBXNativeTarget section */

/* Begin PBXProject section */
		119A80832A93CA64000D9126 /* Project object */ = {
			isa = PBXProject;
			attributes = {
				BuildIndependentTargetsInParallel = 1;
				LastSwiftUpdateCheck = 1420;
				LastUpgradeCheck = 1420;
				TargetAttributes = {
					119A808A2A93CA64000D9126 = {
						CreatedOnToolsVersion = 14.2;
					};
				};
			};
			buildConfigurationList = 119A80862A93CA64000D9126 /* Build configuration list for PBXProject "My favorite places" */;
			compatibilityVersion = "Xcode 14.0";
			developmentRegion = en;
			hasScannedForEncodings = 0;
			knownRegions = (
				en,
				Base,
			);
			mainGroup = 119A80822A93CA64000D9126;
			productRefGroup = 119A808C2A93CA64000D9126 /* Products */;
			projectDirPath = "";
			projectRoot = "";
			targets = (
				119A808A2A93CA64000D9126 /* My favorite places */,
			);
		};
/* End PBXProject section */

/* Begin PBXResourcesBuildPhase section */
		119A80892A93CA64000D9126 /* Resources */ = {
			isa = PBXResourcesBuildPhase;
			buildActionMask = 2147483647;
			files = (
				119A809B2A93CA68000D9126 /* LaunchScreen.storyboard in Resources */,
				119A80982A93CA68000D9126 /* Assets.xcassets in Resources */,
				119A80962A93CA64000D9126 /* Main.storyboard in Resources */,
			);
			runOnlyForDeploymentPostprocessing = 0;
		};
/* End PBXResourcesBuildPhase section */

/* Begin PBXShellScriptBuildPhase section */
		2096AB8E1E841F016E0AA144 /* [CP] Embed Pods Frameworks */ = {
			isa = PBXShellScriptBuildPhase;
			buildActionMask = 2147483647;
			files = (
			);
			inputFileListPaths = (
				"${PODS_ROOT}/Target Support Files/Pods-My favorite places/Pods-My favorite places-frameworks-${CONFIGURATION}-input-files.xcfilelist",
			);
			name = "[CP] Embed Pods Frameworks";
			outputFileListPaths = (
				"${PODS_ROOT}/Target Support Files/Pods-My favorite places/Pods-My favorite places-frameworks-${CONFIGURATION}-output-files.xcfilelist",
			);
			runOnlyForDeploymentPostprocessing = 0;
			shellPath = /bin/sh;
			shellScript = "\"${PODS_ROOT}/Target Support Files/Pods-My favorite places/Pods-My favorite places-frameworks.sh\"\n";
			showEnvVarsInLog = 0;
		};
		A42546B540FC101888537D5D /* [CP] Check Pods Manifest.lock */ = {
			isa = PBXShellScriptBuildPhase;
			buildActionMask = 2147483647;
			files = (
			);
			inputFileListPaths = (
			);
			inputPaths = (
				"${PODS_PODFILE_DIR_PATH}/Podfile.lock",
				"${PODS_ROOT}/Manifest.lock",
			);
			name = "[CP] Check Pods Manifest.lock";
			outputFileListPaths = (
			);
			outputPaths = (
				"$(DERIVED_FILE_DIR)/Pods-My favorite places-checkManifestLockResult.txt",
			);
			runOnlyForDeploymentPostprocessing = 0;
			shellPath = /bin/sh;
			shellScript = "diff \"${PODS_PODFILE_DIR_PATH}/Podfile.lock\" \"${PODS_ROOT}/Manifest.lock\" > /dev/null\nif [ $? != 0 ] ; then\n    # print error to STDERR\n    echo \"error: The sandbox is not in sync with the Podfile.lock. Run 'pod install' or update your CocoaPods installation.\" >&2\n    exit 1\nfi\n# This output is used by Xcode 'outputs' to avoid re-running this script phase.\necho \"SUCCESS\" > \"${SCRIPT_OUTPUT_FILE_0}\"\n";
			showEnvVarsInLog = 0;
		};
/* End PBXShellScriptBuildPhase section */

/* Begin PBXSourcesBuildPhase section */
		119A80872A93CA64000D9126 /* Sources */ = {
			isa = PBXSourcesBuildPhase;
			buildActionMask = 2147483647;
			files = (
				119A80A32A93CC27000D9126 /* MainViewController.swift in Sources */,
				116AD1E32A96104100472334 /* NewPlaceViewController.swift in Sources */,
				119A808F2A93CA64000D9126 /* AppDelegate.swift in Sources */,
				11369A242A9A6F6F005230E2 /* StorageManager.swift in Sources */,
				11B46C182AA30500007FF4DC /* RatingControl.swift in Sources */,
				111651732A95284C0024F514 /* CustomTableViewCell.swift in Sources */,
				119A80912A93CA64000D9126 /* SceneDelegate.swift in Sources */,
				111E4D442A95C5B000892EEB /* PlaceModal.swift in Sources */,
			);
			runOnlyForDeploymentPostprocessing = 0;
		};
/* End PBXSourcesBuildPhase section */

/* Begin PBXVariantGroup section */
		119A80942A93CA64000D9126 /* Main.storyboard */ = {
			isa = PBXVariantGroup;
			children = (
				119A80952A93CA64000D9126 /* Base */,
			);
			name = Main.storyboard;
			sourceTree = "<group>";
		};
		119A80992A93CA68000D9126 /* LaunchScreen.storyboard */ = {
			isa = PBXVariantGroup;
			children = (
				119A809A2A93CA68000D9126 /* Base */,
			);
			name = LaunchScreen.storyboard;
			sourceTree = "<group>";
		};
/* End PBXVariantGroup section */

/* Begin XCBuildConfiguration section */
		119A809D2A93CA68000D9126 /* Debug */ = {
			isa = XCBuildConfiguration;
			buildSettings = {
				ALWAYS_SEARCH_USER_PATHS = NO;
				CLANG_ANALYZER_NONNULL = YES;
				CLANG_ANALYZER_NUMBER_OBJECT_CONVERSION = YES_AGGRESSIVE;
				CLANG_CXX_LANGUAGE_STANDARD = "gnu++20";
				CLANG_ENABLE_MODULES = YES;
				CLANG_ENABLE_OBJC_ARC = YES;
				CLANG_ENABLE_OBJC_WEAK = YES;
				CLANG_WARN_BLOCK_CAPTURE_AUTORELEASING = YES;
				CLANG_WARN_BOOL_CONVERSION = YES;
				CLANG_WARN_COMMA = YES;
				CLANG_WARN_CONSTANT_CONVERSION = YES;
				CLANG_WARN_DEPRECATED_OBJC_IMPLEMENTATIONS = YES;
				CLANG_WARN_DIRECT_OBJC_ISA_USAGE = YES_ERROR;
				CLANG_WARN_DOCUMENTATION_COMMENTS = YES;
				CLANG_WARN_EMPTY_BODY = YES;
				CLANG_WARN_ENUM_CONVERSION = YES;
				CLANG_WARN_INFINITE_RECURSION = YES;
				CLANG_WARN_INT_CONVERSION = YES;
				CLANG_WARN_NON_LITERAL_NULL_CONVERSION = YES;
				CLANG_WARN_OBJC_IMPLICIT_RETAIN_SELF = YES;
				CLANG_WARN_OBJC_LITERAL_CONVERSION = YES;
				CLANG_WARN_OBJC_ROOT_CLASS = YES_ERROR;
				CLANG_WARN_QUOTED_INCLUDE_IN_FRAMEWORK_HEADER = YES;
				CLANG_WARN_RANGE_LOOP_ANALYSIS = YES;
				CLANG_WARN_STRICT_PROTOTYPES = YES;
				CLANG_WARN_SUSPICIOUS_MOVE = YES;
				CLANG_WARN_UNGUARDED_AVAILABILITY = YES_AGGRESSIVE;
				CLANG_WARN_UNREACHABLE_CODE = YES;
				CLANG_WARN__DUPLICATE_METHOD_MATCH = YES;
				COPY_PHASE_STRIP = NO;
				DEBUG_INFORMATION_FORMAT = dwarf;
				ENABLE_STRICT_OBJC_MSGSEND = YES;
				ENABLE_TESTABILITY = YES;
				GCC_C_LANGUAGE_STANDARD = gnu11;
				GCC_DYNAMIC_NO_PIC = NO;
				GCC_NO_COMMON_BLOCKS = YES;
				GCC_OPTIMIZATION_LEVEL = 0;
				GCC_PREPROCESSOR_DEFINITIONS = (
					"DEBUG=1",
					"$(inherited)",
				);
				GCC_WARN_64_TO_32_BIT_CONVERSION = YES;
				GCC_WARN_ABOUT_RETURN_TYPE = YES_ERROR;
				GCC_WARN_UNDECLARED_SELECTOR = YES;
				GCC_WARN_UNINITIALIZED_AUTOS = YES_AGGRESSIVE;
				GCC_WARN_UNUSED_FUNCTION = YES;
				GCC_WARN_UNUSED_VARIABLE = YES;
				IPHONEOS_DEPLOYMENT_TARGET = 16.0;
				MTL_ENABLE_DEBUG_INFO = INCLUDE_SOURCE;
				MTL_FAST_MATH = YES;
				ONLY_ACTIVE_ARCH = YES;
				SDKROOT = iphoneos;
				SWIFT_ACTIVE_COMPILATION_CONDITIONS = DEBUG;
				SWIFT_OPTIMIZATION_LEVEL = "-Onone";
			};
			name = Debug;
		};
		119A809E2A93CA68000D9126 /* Release */ = {
			isa = XCBuildConfiguration;
			buildSettings = {
				ALWAYS_SEARCH_USER_PATHS = NO;
				CLANG_ANALYZER_NONNULL = YES;
				CLANG_ANALYZER_NUMBER_OBJECT_CONVERSION = YES_AGGRESSIVE;
				CLANG_CXX_LANGUAGE_STANDARD = "gnu++20";
				CLANG_ENABLE_MODULES = YES;
				CLANG_ENABLE_OBJC_ARC = YES;
				CLANG_ENABLE_OBJC_WEAK = YES;
				CLANG_WARN_BLOCK_CAPTURE_AUTORELEASING = YES;
				CLANG_WARN_BOOL_CONVERSION = YES;
				CLANG_WARN_COMMA = YES;
				CLANG_WARN_CONSTANT_CONVERSION = YES;
				CLANG_WARN_DEPRECATED_OBJC_IMPLEMENTATIONS = YES;
				CLANG_WARN_DIRECT_OBJC_ISA_USAGE = YES_ERROR;
				CLANG_WARN_DOCUMENTATION_COMMENTS = YES;
				CLANG_WARN_EMPTY_BODY = YES;
				CLANG_WARN_ENUM_CONVERSION = YES;
				CLANG_WARN_INFINITE_RECURSION = YES;
				CLANG_WARN_INT_CONVERSION = YES;
				CLANG_WARN_NON_LITERAL_NULL_CONVERSION = YES;
				CLANG_WARN_OBJC_IMPLICIT_RETAIN_SELF = YES;
				CLANG_WARN_OBJC_LITERAL_CONVERSION = YES;
				CLANG_WARN_OBJC_ROOT_CLASS = YES_ERROR;
				CLANG_WARN_QUOTED_INCLUDE_IN_FRAMEWORK_HEADER = YES;
				CLANG_WARN_RANGE_LOOP_ANALYSIS = YES;
				CLANG_WARN_STRICT_PROTOTYPES = YES;
				CLANG_WARN_SUSPICIOUS_MOVE = YES;
				CLANG_WARN_UNGUARDED_AVAILABILITY = YES_AGGRESSIVE;
				CLANG_WARN_UNREACHABLE_CODE = YES;
				CLANG_WARN__DUPLICATE_METHOD_MATCH = YES;
				COPY_PHASE_STRIP = NO;
				DEBUG_INFORMATION_FORMAT = "dwarf-with-dsym";
				ENABLE_NS_ASSERTIONS = NO;
				ENABLE_STRICT_OBJC_MSGSEND = YES;
				GCC_C_LANGUAGE_STANDARD = gnu11;
				GCC_NO_COMMON_BLOCKS = YES;
				GCC_WARN_64_TO_32_BIT_CONVERSION = YES;
				GCC_WARN_ABOUT_RETURN_TYPE = YES_ERROR;
				GCC_WARN_UNDECLARED_SELECTOR = YES;
				GCC_WARN_UNINITIALIZED_AUTOS = YES_AGGRESSIVE;
				GCC_WARN_UNUSED_FUNCTION = YES;
				GCC_WARN_UNUSED_VARIABLE = YES;
				IPHONEOS_DEPLOYMENT_TARGET = 16.0;
				MTL_ENABLE_DEBUG_INFO = NO;
				MTL_FAST_MATH = YES;
				SDKROOT = iphoneos;
				SWIFT_COMPILATION_MODE = wholemodule;
				SWIFT_OPTIMIZATION_LEVEL = "-O";
				VALIDATE_PRODUCT = YES;
			};
			name = Release;
		};
		119A80A02A93CA68000D9126 /* Debug */ = {
			isa = XCBuildConfiguration;
			baseConfigurationReference = FCADB1CEE7421C744D1F8509 /* Pods-My favorite places.debug.xcconfig */;
			buildSettings = {
				ASSETCATALOG_COMPILER_APPICON_NAME = AppIcon;
				ASSETCATALOG_COMPILER_GLOBAL_ACCENT_COLOR_NAME = AccentColor;
				CODE_SIGN_STYLE = Automatic;
				CURRENT_PROJECT_VERSION = 1;
				DEVELOPMENT_TEAM = 4HU57HU93W;
				GENERATE_INFOPLIST_FILE = YES;
				INFOPLIST_FILE = "My favorite places/Info.plist";
				INFOPLIST_KEY_NSCameraUsageDescription = "My favorite places photo use";
				INFOPLIST_KEY_UIApplicationSupportsIndirectInputEvents = YES;
				INFOPLIST_KEY_UILaunchStoryboardName = LaunchScreen;
				INFOPLIST_KEY_UIMainStoryboardFile = Main;
				INFOPLIST_KEY_UIRequiresFullScreen = YES;
				INFOPLIST_KEY_UISupportedInterfaceOrientations = UIInterfaceOrientationPortrait;
				IPHONEOS_DEPLOYMENT_TARGET = 16.0;
				LD_RUNPATH_SEARCH_PATHS = (
					"$(inherited)",
					"@executable_path/Frameworks",
				);
				MARKETING_VERSION = 1.0;
				PRODUCT_BUNDLE_IDENTIFIER = "app.MyFavoritePlaces.My-favorite-places";
				PRODUCT_NAME = "$(TARGET_NAME)";
				SWIFT_EMIT_LOC_STRINGS = YES;
				SWIFT_VERSION = 5.0;
				TARGETED_DEVICE_FAMILY = "1,2";
			};
			name = Debug;
		};
		119A80A12A93CA68000D9126 /* Release */ = {
			isa = XCBuildConfiguration;
			baseConfigurationReference = AD523DE67BA5D5C6CE36C355 /* Pods-My favorite places.release.xcconfig */;
			buildSettings = {
				ASSETCATALOG_COMPILER_APPICON_NAME = AppIcon;
				ASSETCATALOG_COMPILER_GLOBAL_ACCENT_COLOR_NAME = AccentColor;
				CODE_SIGN_STYLE = Automatic;
				CURRENT_PROJECT_VERSION = 1;
				DEVELOPMENT_TEAM = 4HU57HU93W;
				GENERATE_INFOPLIST_FILE = YES;
				INFOPLIST_FILE = "My favorite places/Info.plist";
				INFOPLIST_KEY_NSCameraUsageDescription = "My favorite places photo use";
				INFOPLIST_KEY_UIApplicationSupportsIndirectInputEvents = YES;
				INFOPLIST_KEY_UILaunchStoryboardName = LaunchScreen;
				INFOPLIST_KEY_UIMainStoryboardFile = Main;
				INFOPLIST_KEY_UIRequiresFullScreen = YES;
				INFOPLIST_KEY_UISupportedInterfaceOrientations = UIInterfaceOrientationPortrait;
				IPHONEOS_DEPLOYMENT_TARGET = 16.0;
				LD_RUNPATH_SEARCH_PATHS = (
					"$(inherited)",
					"@executable_path/Frameworks",
				);
				MARKETING_VERSION = 1.0;
				PRODUCT_BUNDLE_IDENTIFIER = "app.MyFavoritePlaces.My-favorite-places";
				PRODUCT_NAME = "$(TARGET_NAME)";
				SWIFT_EMIT_LOC_STRINGS = YES;
				SWIFT_VERSION = 5.0;
				TARGETED_DEVICE_FAMILY = "1,2";
			};
			name = Release;
		};
/* End XCBuildConfiguration section */

/* Begin XCConfigurationList section */
		119A80862A93CA64000D9126 /* Build configuration list for PBXProject "My favorite places" */ = {
			isa = XCConfigurationList;
			buildConfigurations = (
				119A809D2A93CA68000D9126 /* Debug */,
				119A809E2A93CA68000D9126 /* Release */,
			);
			defaultConfigurationIsVisible = 0;
			defaultConfigurationName = Release;
		};
		119A809F2A93CA68000D9126 /* Build configuration list for PBXNativeTarget "My favorite places" */ = {
			isa = XCConfigurationList;
			buildConfigurations = (
				119A80A02A93CA68000D9126 /* Debug */,
				119A80A12A93CA68000D9126 /* Release */,
			);
			defaultConfigurationIsVisible = 0;
			defaultConfigurationName = Release;
		};
/* End XCConfigurationList section */
	};
	rootObject = 119A80832A93CA64000D9126 /* Project object */;
}
